
Microsoft Visual Studio Solution File, Format Version 12.00
# Visual Studio Version 17
VisualStudioVersion = 17.3.32929.385
MinimumVisualStudioVersion = 10.0.40219.1
Project("{FAE04EC0-301F-11D3-BF4B-00C04F79EFBC}") = "Pretty PRTK", "Pretty PRTK\Pretty PRTK.csproj", "{D4F86C3E-A168-4EEA-9227-5039D3060CB9}"
EndProject
Global
	GlobalSection(SolutionConfigurationPlatforms) = preSolution
		Debug|Any CPU = Debug|Any CPU
		Release|Any CPU = Release|Any CPU
	EndGlobalSection
	GlobalSection(ProjectConfigurationPlatforms) = postSolution
		{D4F86C3E-A168-4EEA-9227-5039D3060CB9}.Debug|Any CPU.ActiveCfg = Debug|Any CPU
		{D4F86C3E-A168-4EEA-9227-5039D3060CB9}.Debug|Any CPU.Build.0 = Debug|Any CPU
		{D4F86C3E-A168-4EEA-9227-5039D3060CB9}.Release|Any CPU.ActiveCfg = Release|Any CPU
		{D4F86C3E-A168-4EEA-9227-5039D3060CB9}.Release|Any CPU.Build.0 = Release|Any CPU
	EndGlobalSection
	GlobalSection(SolutionProperties) = preSolution
		HideSolutionNode = FALSE
	EndGlobalSection
	GlobalSection(ExtensibilityGlobals) = postSolution
		SolutionGuid = {C0AAD86B-AAEE-4C25-90A6-648D2377FFD6}
	EndGlobalSection
EndGlobal
